
Microsoft Visual Studio Solution File, Format Version 12.00
# Visual Studio Version 17
VisualStudioVersion = 17.9.34902.65
MinimumVisualStudioVersion = 10.0.40219.1
Project("{9A19103F-16F7-4668-BE54-9A1E7A4F7556}") = "Maui Blazor Learn Microsoft", "Maui Blazor Learn Microsoft\Maui Blazor Learn Microsoft.csproj", "{CA185EAB-F2E8-4DF1-8ADA-E620AAE71E85}"
EndProject
Project("{FAE04EC0-301F-11D3-BF4B-00C04F79EFBC}") = "MauiXaml", "MauiXaml\MauiXaml.csproj", "{B4044A8A-16C5-49FF-AEA6-C42EBF7DFB95}"
EndProject
Global
	GlobalSection(SolutionConfigurationPlatforms) = preSolution
		Debug|Any CPU = Debug|Any CPU
		Release|Any CPU = Release|Any CPU
	EndGlobalSection
	GlobalSection(ProjectConfigurationPlatforms) = postSolution
		{CA185EAB-F2E8-4DF1-8ADA-E620AAE71E85}.Debug|Any CPU.ActiveCfg = Debug|Any CPU
		{CA185EAB-F2E8-4DF1-8ADA-E620AAE71E85}.Debug|Any CPU.Build.0 = Debug|Any CPU
		{CA185EAB-F2E8-4DF1-8ADA-E620AAE71E85}.Debug|Any CPU.Deploy.0 = Debug|Any CPU
		{CA185EAB-F2E8-4DF1-8ADA-E620AAE71E85}.Release|Any CPU.ActiveCfg = Release|Any CPU
		{CA185EAB-F2E8-4DF1-8ADA-E620AAE71E85}.Release|Any CPU.Build.0 = Release|Any CPU
		{CA185EAB-F2E8-4DF1-8ADA-E620AAE71E85}.Release|Any CPU.Deploy.0 = Release|Any CPU
		{B4044A8A-16C5-49FF-AEA6-C42EBF7DFB95}.Debug|Any CPU.ActiveCfg = Debug|Any CPU
		{B4044A8A-16C5-49FF-AEA6-C42EBF7DFB95}.Debug|Any CPU.Build.0 = Debug|Any CPU
		{B4044A8A-16C5-49FF-AEA6-C42EBF7DFB95}.Debug|Any CPU.Deploy.0 = Debug|Any CPU
		{B4044A8A-16C5-49FF-AEA6-C42EBF7DFB95}.Release|Any CPU.ActiveCfg = Release|Any CPU
		{B4044A8A-16C5-49FF-AEA6-C42EBF7DFB95}.Release|Any CPU.Build.0 = Release|Any CPU
		{B4044A8A-16C5-49FF-AEA6-C42EBF7DFB95}.Release|Any CPU.Deploy.0 = Release|Any CPU
	EndGlobalSection
	GlobalSection(SolutionProperties) = preSolution
		HideSolutionNode = FALSE
	EndGlobalSection
	GlobalSection(ExtensibilityGlobals) = postSolution
		SolutionGuid = {C1644E2E-4D6E-4E8A-A4B0-623AE6B1B72B}
	EndGlobalSection
EndGlobal
